Microsoft Visual Studio Solution File, Format Version 12.00
# Visual Studio 2012
Project("{FAE04EC0-301F-11D3-BF4B-00C04F79EFBC}") = "新遊戲專案", "新遊戲專案.csproj", "{ABE4269A-36C4-4FD0-A4DC-4CC630ED4B6A}"
EndProject
Global
	GlobalSection(SolutionConfigurationPlatforms) = preSolution
	Debug|Any CPU = Debug|Any CPU
	ExportDebug|Any CPU = ExportDebug|Any CPU
	ExportRelease|Any CPU = ExportRelease|Any CPU
	EndGlobalSection
	GlobalSection(ProjectConfigurationPlatforms) = postSolution
		{ABE4269A-36C4-4FD0-A4DC-4CC630ED4B6A}.Debug|Any CPU.ActiveCfg = Debug|Any CPU
		{ABE4269A-36C4-4FD0-A4DC-4CC630ED4B6A}.Debug|Any CPU.Build.0 = Debug|Any CPU
		{ABE4269A-36C4-4FD0-A4DC-4CC630ED4B6A}.ExportDebug|Any CPU.ActiveCfg = ExportDebug|Any CPU
		{ABE4269A-36C4-4FD0-A4DC-4CC630ED4B6A}.ExportDebug|Any CPU.Build.0 = ExportDebug|Any CPU
		{ABE4269A-36C4-4FD0-A4DC-4CC630ED4B6A}.ExportRelease|Any CPU.ActiveCfg = ExportRelease|Any CPU
		{ABE4269A-36C4-4FD0-A4DC-4CC630ED4B6A}.ExportRelease|Any CPU.Build.0 = ExportRelease|Any CPU
	EndGlobalSection
EndGlobal
